
Microsoft Visual Studio Solution File, Format Version 12.00
# Visual Studio Version 17
VisualStudioVersion = 17.4.33213.308
MinimumVisualStudioVersion = 10.0.40219.1
Project("{FAE04EC0-301F-11D3-BF4B-00C04F79EFBC}") = "MiniProyecto4_RLG.Android", "MiniProyecto4_RLG\MiniProyecto4_RLG.Android\MiniProyecto4_RLG.Android.csproj", "{005F6290-3CA9-4512-A9FA-D4CCBCA032A2}"
EndProject
Project("{FAE04EC0-301F-11D3-BF4B-00C04F79EFBC}") = "MiniProyecto4_RLG.iOS", "MiniProyecto4_RLG\MiniProyecto4_RLG.iOS\MiniProyecto4_RLG.iOS.csproj", "{A46DB307-DD3F-4588-8C62-62816DD3D624}"
EndProject
Project("{FAE04EC0-301F-11D3-BF4B-00C04F79EFBC}") = "MiniProyecto4_RLG", "MiniProyecto4_RLG\MiniProyecto4_RLG\MiniProyecto4_RLG.csproj", "{36588E64-4140-4EDC-BFBE-42BFC3A56946}"
EndProject
Global
	GlobalSection(SolutionConfigurationPlatforms) = preSolution
		Debug|Any CPU = Debug|Any CPU
		Debug|iPhone = Debug|iPhone
		Debug|iPhoneSimulator = Debug|iPhoneSimulator
		Release|Any CPU = Release|Any CPU
		Release|iPhone = Release|iPhone
		Release|iPhoneSimulator = Release|iPhoneSimulator
	EndGlobalSection
	GlobalSection(ProjectConfigurationPlatforms) = postSolution
		{005F6290-3CA9-4512-A9FA-D4CCBCA032A2}.Debug|Any CPU.ActiveCfg = Debug|Any CPU
		{005F6290-3CA9-4512-A9FA-D4CCBCA032A2}.Debug|Any CPU.Build.0 = Debug|Any CPU
		{005F6290-3CA9-4512-A9FA-D4CCBCA032A2}.Debug|Any CPU.Deploy.0 = Debug|Any CPU
		{005F6290-3CA9-4512-A9FA-D4CCBCA032A2}.Debug|iPhone.ActiveCfg = Debug|Any CPU
		{005F6290-3CA9-4512-A9FA-D4CCBCA032A2}.Debug|iPhone.Build.0 = Debug|Any CPU
		{005F6290-3CA9-4512-A9FA-D4CCBCA032A2}.Debug|iPhone.Deploy.0 = Debug|Any CPU
		{005F6290-3CA9-4512-A9FA-D4CCBCA032A2}.Debug|iPhoneSimulator.ActiveCfg = Debug|Any CPU
		{005F6290-3CA9-4512-A9FA-D4CCBCA032A2}.Debug|iPhoneSimulator.Build.0 = Debug|Any CPU
		{005F6290-3CA9-4512-A9FA-D4CCBCA032A2}.Debug|iPhoneSimulator.Deploy.0 = Debug|Any CPU
		{005F6290-3CA9-4512-A9FA-D4CCBCA032A2}.Release|Any CPU.ActiveCfg = Release|Any CPU
		{005F6290-3CA9-4512-A9FA-D4CCBCA032A2}.Release|Any CPU.Build.0 = Release|Any CPU
		{005F6290-3CA9-4512-A9FA-D4CCBCA032A2}.Release|Any CPU.Deploy.0 = Release|Any CPU
		{005F6290-3CA9-4512-A9FA-D4CCBCA032A2}.Release|iPhone.ActiveCfg = Release|Any CPU
		{005F6290-3CA9-4512-A9FA-D4CCBCA032A2}.Release|iPhone.Build.0 = Release|Any CPU
		{005F6290-3CA9-4512-A9FA-D4CCBCA032A2}.Release|iPhone.Deploy.0 = Release|Any CPU
		{005F6290-3CA9-4512-A9FA-D4CCBCA032A2}.Release|iPhoneSimulator.ActiveCfg = Release|Any CPU
		{005F6290-3CA9-4512-A9FA-D4CCBCA032A2}.Release|iPhoneSimulator.Build.0 = Release|Any CPU
		{005F6290-3CA9-4512-A9FA-D4CCBCA032A2}.Release|iPhoneSimulator.Deploy.0 = Release|Any CPU
		{A46DB307-DD3F-4588-8C62-62816DD3D624}.Debug|Any CPU.ActiveCfg = Debug|iPhone
		{A46DB307-DD3F-4588-8C62-62816DD3D624}.Debug|Any CPU.Build.0 = Debug|iPhone
		{A46DB307-DD3F-4588-8C62-62816DD3D624}.Debug|Any CPU.Deploy.0 = Debug|iPhone
		{A46DB307-DD3F-4588-8C62-62816DD3D624}.Debug|iPhone.ActiveCfg = Debug|iPhone
		{A46DB307-DD3F-4588-8C62-62816DD3D624}.Debug|iPhone.Build.0 = Debug|iPhone
		{A46DB307-DD3F-4588-8C62-62816DD3D624}.Debug|iPhone.Deploy.0 = Debug|iPhone
		{A46DB307-DD3F-4588-8C62-62816DD3D624}.Debug|iPhoneSimulator.ActiveCfg = Debug|iPhoneSimulator
		{A46DB307-DD3F-4588-8C62-62816DD3D624}.Debug|iPhoneSimulator.Build.0 = Debug|iPhoneSimulator
		{A46DB307-DD3F-4588-8C62-62816DD3D624}.Debug|iPhoneSimulator.Deploy.0 = Debug|iPhoneSimulator
		{A46DB307-DD3F-4588-8C62-62816DD3D624}.Release|Any CPU.ActiveCfg = Release|iPhoneSimulator
		{A46DB307-DD3F-4588-8C62-62816DD3D624}.Release|Any CPU.Build.0 = Release|iPhoneSimulator
		{A46DB307-DD3F-4588-8C62-62816DD3D624}.Release|Any CPU.Deploy.0 = Release|iPhoneSimulator
		{A46DB307-DD3F-4588-8C62-62816DD3D624}.Release|iPhone.ActiveCfg = Release|iPhone
		{A46DB307-DD3F-4588-8C62-62816DD3D624}.Release|iPhone.Build.0 = Release|iPhone
		{A46DB307-DD3F-4588-8C62-62816DD3D624}.Release|iPhone.Deploy.0 = Release|iPhone
		{A46DB307-DD3F-4588-8C62-62816DD3D624}.Release|iPhoneSimulator.ActiveCfg = Release|iPhoneSimulator
		{A46DB307-DD3F-4588-8C62-62816DD3D624}.Release|iPhoneSimulator.Build.0 = Release|iPhoneSimulator
		{A46DB307-DD3F-4588-8C62-62816DD3D624}.Release|iPhoneSimulator.Deploy.0 = Release|iPhoneSimulator
		{36588E64-4140-4EDC-BFBE-42BFC3A56946}.Debug|Any CPU.ActiveCfg = Debug|Any CPU
		{36588E64-4140-4EDC-BFBE-42BFC3A56946}.Debug|Any CPU.Build.0 = Debug|Any CPU
		{36588E64-4140-4EDC-BFBE-42BFC3A56946}.Debug|Any CPU.Deploy.0 = Debug|Any CPU
		{36588E64-4140-4EDC-BFBE-42BFC3A56946}.Debug|iPhone.ActiveCfg = Debug|Any CPU
		{36588E64-4140-4EDC-BFBE-42BFC3A56946}.Debug|iPhone.Build.0 = Debug|Any CPU
		{36588E64-4140-4EDC-BFBE-42BFC3A56946}.Debug|iPhone.Deploy.0 = Debug|Any CPU
		{36588E64-4140-4EDC-BFBE-42BFC3A56946}.Debug|iPhoneSimulator.ActiveCfg = Debug|Any CPU
		{36588E64-4140-4EDC-BFBE-42BFC3A56946}.Debug|iPhoneSimulator.Build.0 = Debug|Any CPU
		{36588E64-4140-4EDC-BFBE-42BFC3A56946}.Debug|iPhoneSimulator.Deploy.0 = Debug|Any CPU
		{36588E64-4140-4EDC-BFBE-42BFC3A56946}.Release|Any CPU.ActiveCfg = Release|Any CPU
		{36588E64-4140-4EDC-BFBE-42BFC3A56946}.Release|Any CPU.Build.0 = Release|Any CPU
		{36588E64-4140-4EDC-BFBE-42BFC3A56946}.Release|Any CPU.Deploy.0 = Release|Any CPU
		{36588E64-4140-4EDC-BFBE-42BFC3A56946}.Release|iPhone.ActiveCfg = Release|Any CPU
		{36588E64-4140-4EDC-BFBE-42BFC3A56946}.Release|iPhone.Build.0 = Release|Any CPU
		{36588E64-4140-4EDC-BFBE-42BFC3A56946}.Release|iPhone.Deploy.0 = Release|Any CPU
		{36588E64-4140-4EDC-BFBE-42BFC3A56946}.Release|iPhoneSimulator.ActiveCfg = Release|Any CPU
		{36588E64-4140-4EDC-BFBE-42BFC3A56946}.Release|iPhoneSimulator.Build.0 = Release|Any CPU
		{36588E64-4140-4EDC-BFBE-42BFC3A56946}.Release|iPhoneSimulator.Deploy.0 = Release|Any CPU
	EndGlobalSection
	GlobalSection(SolutionProperties) = preSolution
		HideSolutionNode = FALSE
	EndGlobalSection
	GlobalSection(ExtensibilityGlobals) = postSolution
		SolutionGuid = {D9C3DCC6-DB35-4288-9F60-6A630F5506CF}
	EndGlobalSection
EndGlobal
